// !$*UTF8*$!
{
	archiveVersion = 1;
	classes = {
	};
	objectVersion = 46;
	objects = {

/* Begin PBXBuildFile section */
		B5975BC818937EE900D9CDFC /* libNoisyStaticLib.a in Frameworks */ = {isa = PBXBuildFile; fileRef = B5975BC718937EE900D9CDFC /* libNoisyStaticLib.a */; };
		F89BE0B81890D61200CE5C84 /* Foundation.framework in Frameworks */ = {isa = PBXBuildFile; fileRef = F89BE0B71890D61200CE5C84 /* Foundation.framework */; };
		F89BE0BA1890D61200CE5C84 /* CoreGraphics.framework in Frameworks */ = {isa = PBXBuildFile; fileRef = F89BE0B91890D61200CE5C84 /* CoreGraphics.framework */; };
		F89BE0BC1890D61200CE5C84 /* UIKit.framework in Frameworks */ = {isa = PBXBuildFile; fileRef = F89BE0BB1890D61200CE5C84 /* UIKit.framework */; };
		F89BE0C21890D61200CE5C84 /* InfoPlist.strings in Resources */ = {isa = PBXBuildFile; fileRef = F89BE0C01890D61200CE5C84 /* InfoPlist.strings */; };
		F89BE0C41890D61200CE5C84 /* main.m in Sources */ = {isa = PBXBuildFile; fileRef = F89BE0C31890D61200CE5C84 /* main.m */; };
		F89BE0C81890D61200CE5C84 /* AppDelegate.m in Sources */ = {isa = PBXBuildFile; fileRef = F89BE0C71890D61200CE5C84 /* AppDelegate.m */; };
		F89BE0CA1890D61200CE5C84 /* Images.xcassets in Resources */ = {isa = PBXBuildFile; fileRef = F89BE0C91890D61200CE5C84 /* Images.xcassets */; };
		F89BE0D11890D61200CE5C84 /* XCTest.framework in Frameworks */ = {isa = PBXBuildFile; fileRef = F89BE0D01890D61200CE5C84 /* XCTest.framework */; };
		F89BE0D21890D61200CE5C84 /* Foundation.framework in Frameworks */ = {isa = PBXBuildFile; fileRef = F89BE0B71890D61200CE5C84 /* Foundation.framework */; };
		F89BE0D31890D61200CE5C84 /* UIKit.framework in Frameworks */ = {isa = PBXBuildFile; fileRef = F89BE0BB1890D61200CE5C84 /* UIKit.framework */; };
		F89BE0DB1890D61200CE5C84 /* InfoPlist.strings in Resources */ = {isa = PBXBuildFile; fileRef = F89BE0D91890D61200CE5C84 /* InfoPlist.strings */; };
		F89BE0DD1890D61200CE5C84 /* NoLogTests.m in Sources */ = {isa = PBXBuildFile; fileRef = F89BE0DC1890D61200CE5C84 /* NoLogTests.m */; };
		F8D18ED31890DC1200BF515E /* ThisClassLoadsFirst.m in Sources */ = {isa = PBXBuildFile; fileRef = F8D18ED21890DC1200BF515E /* ThisClassLoadsFirst.m */; };
/* End PBXBuildFile section */

/* Begin PBXContainerItemProxy section */
		F89BE0D41890D61200CE5C84 /* PBXContainerItemProxy */ = {
			isa = PBXContainerItemProxy;
			containerPortal = F89BE0AC1890D61200CE5C84 /* Project object */;
			proxyType = 1;
			remoteGlobalIDString = F89BE0B31890D61200CE5C84;
			remoteInfo = NoLog;
		};
/* End PBXContainerItemProxy section */

/* Begin PBXFileReference section */
		B5975BC718937EE900D9CDFC /* libNoisyStaticLib.a */ = {isa = PBXFileReference; lastKnownFileType = archive.ar; name = libNoisyStaticLib.a; path = "NoisyStaticLib/build/Debug-iphoneos/libNoisyStaticLib.a"; sourceTree = "<group>"; };
		F89BE0B41890D61200CE5C84 /* NoLog.app */ = {isa = PBXFileReference; explicitFileType = wrapper.application; includeInIndex = 0; path = NoLog.app; sourceTree = BUILT_PRODUCTS_DIR; };
		F89BE0B71890D61200CE5C84 /* Foundation.framework */ = {isa = PBXFileReference; lastKnownFileType = wrapper.framework; name = Foundation.framework; path = System/Library/Frameworks/Foundation.framework; sourceTree = SDKROOT; };
		F89BE0B91890D61200CE5C84 /* CoreGraphics.framework */ = {isa = PBXFileReference; lastKnownFileType = wrapper.framework; name = CoreGraphics.framework; path = System/Library/Frameworks/CoreGraphics.framework; sourceTree = SDKROOT; };
		F89BE0BB1890D61200CE5C84 /* UIKit.framework */ = {isa = PBXFileReference; lastKnownFileType = wrapper.framework; name = UIKit.framework; path = System/Library/Frameworks/UIKit.framework; sourceTree = SDKROOT; };
		F89BE0BF1890D61200CE5C84 /* NoLog-Info.plist */ = {isa = PBXFileReference; lastKnownFileType = text.plist.xml; path = "NoLog-Info.plist"; sourceTree = "<group>"; };
		F89BE0C11890D61200CE5C84 /* en */ = {isa = PBXFileReference; lastKnownFileType = text.plist.strings; name = en; path = en.lproj/InfoPlist.strings; sourceTree = "<group>"; };
		F89BE0C31890D61200CE5C84 /* main.m */ = {isa = PBXFileReference; lastKnownFileType = sourcecode.c.objc; path = main.m; sourceTree = "<group>"; };
		F89BE0C51890D61200CE5C84 /* NoLog-Prefix.pch */ = {isa = PBXFileReference; lastKnownFileType = sourcecode.c.h; path = "NoLog-Prefix.pch"; sourceTree = "<group>"; };
		F89BE0C61890D61200CE5C84 /* AppDelegate.h */ = {isa = PBXFileReference; lastKnownFileType = sourcecode.c.h; path = AppDelegate.h; sourceTree = "<group>"; };
		F89BE0C71890D61200CE5C84 /* AppDelegate.m */ = {isa = PBXFileReference; lastKnownFileType = sourcecode.c.objc; path = AppDelegate.m; sourceTree = "<group>"; };
		F89BE0C91890D61200CE5C84 /* Images.xcassets */ = {isa = PBXFileReference; lastKnownFileType = folder.assetcatalog; path = Images.xcassets; sourceTree = "<group>"; };
		F89BE0CF1890D61200CE5C84 /* NoLogTests.xctest */ = {isa = PBXFileReference; explicitFileType = wrapper.cfbundle; includeInIndex = 0; path = NoLogTests.xctest; sourceTree = BUILT_PRODUCTS_DIR; };
		F89BE0D01890D61200CE5C84 /* XCTest.framework */ = {isa = PBXFileReference; lastKnownFileType = wrapper.framework; name = XCTest.framework; path = Library/Frameworks/XCTest.framework; sourceTree = DEVELOPER_DIR; };
		F89BE0D81890D61200CE5C84 /* NoLogTests-Info.plist */ = {isa = PBXFileReference; lastKnownFileType = text.plist.xml; path = "NoLogTests-Info.plist"; sourceTree = "<group>"; };
		F89BE0DA1890D61200CE5C84 /* en */ = {isa = PBXFileReference; lastKnownFileType = text.plist.strings; name = en; path = en.lproj/InfoPlist.strings; sourceTree = "<group>"; };
		F89BE0DC1890D61200CE5C84 /* NoLogTests.m */ = {isa = PBXFileReference; lastKnownFileType = sourcecode.c.objc; path = NoLogTests.m; sourceTree = "<group>"; };
		F8D18ED11890DC1200BF515E /* ThisClassLoadsFirst.h */ = {isa = PBXFileReference; fileEncoding = 4; lastKnownFileType = sourcecode.c.h; path = ThisClassLoadsFirst.h; sourceTree = "<group>"; };
		F8D18ED21890DC1200BF515E /* ThisClassLoadsFirst.m */ = {isa = PBXFileReference; fileEncoding = 4; lastKnownFileType = sourcecode.c.objc; path = ThisClassLoadsFirst.m; sourceTree = "<group>"; };
/* End PBXFileReference section */

/* Begin PBXFrameworksBuildPhase section */
		F89BE0B11890D61200CE5C84 /* Frameworks */ = {
			isa = PBXFrameworksBuildPhase;
			buildActionMask = 2147483647;
			files = (
				B5975BC818937EE900D9CDFC /* libNoisyStaticLib.a in Frameworks */,
				F89BE0BA1890D61200CE5C84 /* CoreGraphics.framework in Frameworks */,
				F89BE0B81890D61200CE5C84 /* Foundation.framework in Frameworks */,
				F89BE0BC1890D61200CE5C84 /* UIKit.framework in Frameworks */,
			);
			runOnlyForDeploymentPostprocessing = 0;
		};
		F89BE0CC1890D61200CE5C84 /* Frameworks */ = {
			isa = PBXFrameworksBuildPhase;
			buildActionMask = 2147483647;
			files = (
				F89BE0D11890D61200CE5C84 /* XCTest.framework in Frameworks */,
				F89BE0D31890D61200CE5C84 /* UIKit.framework in Frameworks */,
				F89BE0D21890D61200CE5C84 /* Foundation.framework in Frameworks */,
			);
			runOnlyForDeploymentPostprocessing = 0;
		};
/* End PBXFrameworksBuildPhase section */

/* Begin PBXGroup section */
		F89BE0AB1890D61200CE5C84 = {
			isa = PBXGroup;
			children = (
				F89BE0BD1890D61200CE5C84 /* NoLog */,
				F89BE0D61890D61200CE5C84 /* NoLogTests */,
				F89BE0B61890D61200CE5C84 /* Frameworks */,
				F89BE0B51890D61200CE5C84 /* Products */,
			);
			sourceTree = "<group>";
		};
		F89BE0B51890D61200CE5C84 /* Products */ = {
			isa = PBXGroup;
			children = (
				F89BE0B41890D61200CE5C84 /* NoLog.app */,
				F89BE0CF1890D61200CE5C84 /* NoLogTests.xctest */,
			);
			name = Products;
			sourceTree = "<group>";
		};
		F89BE0B61890D61200CE5C84 /* Frameworks */ = {
			isa = PBXGroup;
			children = (
				B5975BC718937EE900D9CDFC /* libNoisyStaticLib.a */,
				F89BE0B71890D61200CE5C84 /* Foundation.framework */,
				F89BE0B91890D61200CE5C84 /* CoreGraphics.framework */,
				F89BE0BB1890D61200CE5C84 /* UIKit.framework */,
				F89BE0D01890D61200CE5C84 /* XCTest.framework */,
			);
			name = Frameworks;
			sourceTree = "<group>";
		};
		F89BE0BD1890D61200CE5C84 /* NoLog */ = {
			isa = PBXGroup;
			children = (
				F89BE0C61890D61200CE5C84 /* AppDelegate.h */,
				F89BE0C71890D61200CE5C84 /* AppDelegate.m */,
				F8D18ED11890DC1200BF515E /* ThisClassLoadsFirst.h */,
				F8D18ED21890DC1200BF515E /* ThisClassLoadsFirst.m */,
				F89BE0C91890D61200CE5C84 /* Images.xcassets */,
				F89BE0BE1890D61200CE5C84 /* Supporting Files */,
			);
			path = NoLog;
			sourceTree = "<group>";
		};
		F89BE0BE1890D61200CE5C84 /* Supporting Files */ = {
			isa = PBXGroup;
			children = (
				F89BE0BF1890D61200CE5C84 /* NoLog-Info.plist */,
				F89BE0C01890D61200CE5C84 /* InfoPlist.strings */,
				F89BE0C31890D61200CE5C84 /* main.m */,
				F89BE0C51890D61200CE5C84 /* NoLog-Prefix.pch */,
			);
			name = "Supporting Files";
			sourceTree = "<group>";
		};
		F89BE0D61890D61200CE5C84 /* NoLogTests */ = {
			isa = PBXGroup;
			children = (
				F89BE0DC1890D61200CE5C84 /* NoLogTests.m */,
				F89BE0D71890D61200CE5C84 /* Supporting Files */,
			);
			path = NoLogTests;
			sourceTree = "<group>";
		};
		F89BE0D71890D61200CE5C84 /* Supporting Files */ = {
			isa = PBXGroup;
			children = (
				F89BE0D81890D61200CE5C84 /* NoLogTests-Info.plist */,
				F89BE0D91890D61200CE5C84 /* InfoPlist.strings */,
			);
			name = "Supporting Files";
			sourceTree = "<group>";
		};
/* End PBXGroup section */

/* Begin PBXNativeTarget section */
		F89BE0B31890D61200CE5C84 /* NoLog */ = {
			isa = PBXNativeTarget;
			buildConfigurationList = F89BE0E01890D61200CE5C84 /* Build configuration list for PBXNativeTarget "NoLog" */;
			buildPhases = (
				F89BE0B01890D61200CE5C84 /* Sources */,
				F89BE0B11890D61200CE5C84 /* Frameworks */,
				F89BE0B21890D61200CE5C84 /* Resources */,
			);
			buildRules = (
			);
			dependencies = (
			);
			name = NoLog;
			productName = NoLog;
			productReference = F89BE0B41890D61200CE5C84 /* NoLog.app */;
			productType = "com.apple.product-type.application";
		};
		F89BE0CE1890D61200CE5C84 /* NoLogTests */ = {
			isa = PBXNativeTarget;
			buildConfigurationList = F89BE0E31890D61200CE5C84 /* Build configuration list for PBXNativeTarget "NoLogTests" */;
			buildPhases = (
				F89BE0CB1890D61200CE5C84 /* Sources */,
				F89BE0CC1890D61200CE5C84 /* Frameworks */,
				F89BE0CD1890D61200CE5C84 /* Resources */,
			);
			buildRules = (
			);
			dependencies = (
				F89BE0D51890D61200CE5C84 /* PBXTargetDependency */,
			);
			name = NoLogTests;
			productName = NoLogTests;
			productReference = F89BE0CF1890D61200CE5C84 /* NoLogTests.xctest */;
			productType = "com.apple.product-type.bundle.unit-test";
		};
/* End PBXNativeTarget section */

/* Begin PBXProject section */
		F89BE0AC1890D61200CE5C84 /* Project object */ = {
			isa = PBXProject;
			attributes = {
				LastUpgradeCheck = 0510;
				ORGANIZATIONNAME = "@phatblat";
				TargetAttributes = {
					F89BE0CE1890D61200CE5C84 = {
						TestTargetID = F89BE0B31890D61200CE5C84;
					};
				};
			};
			buildConfigurationList = F89BE0AF1890D61200CE5C84 /* Build configuration list for PBXProject "NoLog" */;
			compatibilityVersion = "Xcode 3.2";
			developmentRegion = English;
			hasScannedForEncodings = 0;
			knownRegions = (
				en,
			);
			mainGroup = F89BE0AB1890D61200CE5C84;
			productRefGroup = F89BE0B51890D61200CE5C84 /* Products */;
			projectDirPath = "";
			projectRoot = "";
			targets = (
				F89BE0B31890D61200CE5C84 /* NoLog */,
				F89BE0CE1890D61200CE5C84 /* NoLogTests */,
			);
		};
/* End PBXProject section */

/* Begin PBXResourcesBuildPhase section */
		F89BE0B21890D61200CE5C84 /* Resources */ = {
			isa = PBXResourcesBuildPhase;
			buildActionMask = 2147483647;
			files = (
				F89BE0C21890D61200CE5C84 /* InfoPlist.strings in Resources */,
				F89BE0CA1890D61200CE5C84 /* Images.xcassets in Resources */,
			);
			runOnlyForDeploymentPostprocessing = 0;
		};
		F89BE0CD1890D61200CE5C84 /* Resources */ = {
			isa = PBXResourcesBuildPhase;
			buildActionMask = 2147483647;
			files = (
				F89BE0DB1890D61200CE5C84 /* InfoPlist.strings in Resources */,
			);
			runOnlyForDeploymentPostprocessing = 0;
		};
/* End PBXResourcesBuildPhase section */

/* Begin PBXSourcesBuildPhase section */
		F89BE0B01890D61200CE5C84 /* Sources */ = {
			isa = PBXSourcesBuildPhase;
			buildActionMask = 2147483647;
			files = (
				F8D18ED31890DC1200BF515E /* ThisClassLoadsFirst.m in Sources */,
				F89BE0C81890D61200CE5C84 /* AppDelegate.m in Sources */,
				F89BE0C41890D61200CE5C84 /* main.m in Sources */,
			);
			runOnlyForDeploymentPostprocessing = 0;
		};
		F89BE0CB1890D61200CE5C84 /* Sources */ = {
			isa = PBXSourcesBuildPhase;
			buildActionMask = 2147483647;
			files = (
				F89BE0DD1890D61200CE5C84 /* NoLogTests.m in Sources */,
			);
			runOnlyForDeploymentPostprocessing = 0;
		};
/* End PBXSourcesBuildPhase section */

/* Begin PBXTargetDependency section */
		F89BE0D51890D61200CE5C84 /* PBXTargetDependency */ = {
			isa = PBXTargetDependency;
			target = F89BE0B31890D61200CE5C84 /* NoLog */;
			targetProxy = F89BE0D41890D61200CE5C84 /* PBXContainerItemProxy */;
		};
/* End PBXTargetDependency section */

/* Begin PBXVariantGroup section */
		F89BE0C01890D61200CE5C84 /* InfoPlist.strings */ = {
			isa = PBXVariantGroup;
			children = (
				F89BE0C11890D61200CE5C84 /* en */,
			);
			name = InfoPlist.strings;
			sourceTree = "<group>";
		};
		F89BE0D91890D61200CE5C84 /* InfoPlist.strings */ = {
			isa = PBXVariantGroup;
			children = (
				F89BE0DA1890D61200CE5C84 /* en */,
			);
			name = InfoPlist.strings;
			sourceTree = "<group>";
		};
/* End PBXVariantGroup section */

/* Begin XCBuildConfiguration section */
		F89BE0DE1890D61200CE5C84 /* Debug */ = {
			isa = XCBuildConfiguration;
			buildSettings = {
				ALWAYS_SEARCH_USER_PATHS = NO;
				CLANG_CXX_LANGUAGE_STANDARD = "gnu++0x";
				CLANG_CXX_LIBRARY = "libc++";
				CLANG_ENABLE_MODULES = YES;
				CLANG_ENABLE_OBJC_ARC = YES;
				CLANG_WARN_BOOL_CONVERSION = YES;
				CLANG_WARN_CONSTANT_CONVERSION = YES;
				CLANG_WARN_DIRECT_OBJC_ISA_USAGE = YES_ERROR;
				CLANG_WARN_EMPTY_BODY = YES;
				CLANG_WARN_ENUM_CONVERSION = YES;
				CLANG_WARN_INT_CONVERSION = YES;
				CLANG_WARN_OBJC_ROOT_CLASS = YES_ERROR;
				CLANG_WARN__DUPLICATE_METHOD_MATCH = YES;
				"CODE_SIGN_IDENTITY[sdk=iphoneos*]" = "iPhone Developer";
				COPY_PHASE_STRIP = NO;
				FRAMEWORK_SEARCH_PATHS = "";
				GCC_C_LANGUAGE_STANDARD = gnu99;
				GCC_DYNAMIC_NO_PIC = NO;
				GCC_OPTIMIZATION_LEVEL = 0;
				GCC_PREPROCESSOR_DEFINITIONS = (
					"DEBUG=1",
					"$(inherited)",
				);
				GCC_SYMBOLS_PRIVATE_EXTERN = NO;
				GCC_WARN_64_TO_32_BIT_CONVERSION = YES;
				GCC_WARN_ABOUT_RETURN_TYPE = YES_ERROR;
				GCC_WARN_UNDECLARED_SELECTOR = YES;
				GCC_WARN_UNINITIALIZED_AUTOS = YES_AGGRESSIVE;
				GCC_WARN_UNUSED_FUNCTION = YES;
				GCC_WARN_UNUSED_VARIABLE = YES;
				HEADER_SEARCH_PATHS = (
					"$(inherited)",
					"$(BUILT_PRODUCTS_DIR)",
				);
				IPHONEOS_DEPLOYMENT_TARGET = 7.1;
				ONLY_ACTIVE_ARCH = YES;
				SDKROOT = iphoneos;
				USER_HEADER_SEARCH_PATHS = "";
			};
			name = Debug;
		};
		F89BE0DF1890D61200CE5C84 /* Release */ = {
			isa = XCBuildConfiguration;
			buildSettings = {
				ALWAYS_SEARCH_USER_PATHS = NO;
				CLANG_CXX_LANGUAGE_STANDARD = "gnu++0x";
				CLANG_CXX_LIBRARY = "libc++";
				CLANG_ENABLE_MODULES = YES;
				CLANG_ENABLE_OBJC_ARC = YES;
				CLANG_WARN_BOOL_CONVERSION = YES;
				CLANG_WARN_CONSTANT_CONVERSION = YES;
				CLANG_WARN_DIRECT_OBJC_ISA_USAGE = YES_ERROR;
				CLANG_WARN_EMPTY_BODY = YES;
				CLANG_WARN_ENUM_CONVERSION = YES;
				CLANG_WARN_INT_CONVERSION = YES;
				CLANG_WARN_OBJC_ROOT_CLASS = YES_ERROR;
				CLANG_WARN__DUPLICATE_METHOD_MATCH = YES;
				"CODE_SIGN_IDENTITY[sdk=iphoneos*]" = "iPhone Developer";
				COPY_PHASE_STRIP = YES;
				ENABLE_NS_ASSERTIONS = NO;
				FRAMEWORK_SEARCH_PATHS = "";
				GCC_C_LANGUAGE_STANDARD = gnu99;
				GCC_WARN_64_TO_32_BIT_CONVERSION = YES;
				GCC_WARN_ABOUT_RETURN_TYPE = YES_ERROR;
				GCC_WARN_UNDECLARED_SELECTOR = YES;
				GCC_WARN_UNINITIALIZED_AUTOS = YES_AGGRESSIVE;
				GCC_WARN_UNUSED_FUNCTION = YES;
				GCC_WARN_UNUSED_VARIABLE = YES;
				HEADER_SEARCH_PATHS = (
					"$(inherited)",
					"$(BUILT_PRODUCTS_DIR)",
				);
				IPHONEOS_DEPLOYMENT_TARGET = 7.1;
				SDKROOT = iphoneos;
				USER_HEADER_SEARCH_PATHS = "";
				VALIDATE_PRODUCT = YES;
			};
			name = Release;
		};
		F89BE0E11890D61200CE5C84 /* Debug */ = {
			isa = XCBuildConfiguration;
			buildSettings = {
				ASSETCATALOG_COMPILER_APPICON_NAME = AppIcon;
				ASSETCATALOG_COMPILER_LAUNCHIMAGE_NAME = LaunchImage;
				GCC_PRECOMPILE_PREFIX_HEADER = YES;
				GCC_PREFIX_HEADER = "NoLog/NoLog-Prefix.pch";
				INFOPLIST_FILE = "NoLog/NoLog-Info.plist";
				LIBRARY_SEARCH_PATHS = (
					"$(inherited)",
					"$(PROJECT_DIR)/NoisyStaticLib/build/Debug-iphoneos",
				);
				PRODUCT_NAME = "$(TARGET_NAME)";
				WRAPPER_EXTENSION = app;
			};
			name = Debug;
		};
		F89BE0E21890D61200CE5C84 /* Release */ = {
			isa = XCBuildConfiguration;
			buildSettings = {
				ASSETCATALOG_COMPILER_APPICON_NAME = AppIcon;
				ASSETCATALOG_COMPILER_LAUNCHIMAGE_NAME = LaunchImage;
				GCC_PRECOMPILE_PREFIX_HEADER = YES;
				GCC_PREFIX_HEADER = "NoLog/NoLog-Prefix.pch";
				INFOPLIST_FILE = "NoLog/NoLog-Info.plist";
				LIBRARY_SEARCH_PATHS = (
					"$(inherited)",
					"$(PROJECT_DIR)/NoisyStaticLib/build/Debug-iphoneos",
				);
				PRODUCT_NAME = "$(TARGET_NAME)";
				WRAPPER_EXTENSION = app;
			};
			name = Release;
		};
		F89BE0E41890D61200CE5C84 /* Debug */ = {
			isa = XCBuildConfiguration;
			buildSettings = {
				BUNDLE_LOADER = "$(BUILT_PRODUCTS_DIR)/NoLog.app/NoLog";
				FRAMEWORK_SEARCH_PATHS = (
					"$(SDKROOT)/Developer/Library/Frameworks",
					"$(inherited)",
					"$(DEVELOPER_FRAMEWORKS_DIR)",
				);
				GCC_PRECOMPILE_PREFIX_HEADER = YES;
				GCC_PREFIX_HEADER = "NoLog/NoLog-Prefix.pch";
				GCC_PREPROCESSOR_DEFINITIONS = (
					"DEBUG=1",
					"$(inherited)",
				);
				INFOPLIST_FILE = "NoLogTests/NoLogTests-Info.plist";
				PRODUCT_NAME = "$(TARGET_NAME)";
				TEST_HOST = "$(BUNDLE_LOADER)";
				WRAPPER_EXTENSION = xctest;
			};
			name = Debug;
		};
		F89BE0E51890D61200CE5C84 /* Release */ = {
			isa = XCBuildConfiguration;
			buildSettings = {
				BUNDLE_LOADER = "$(BUILT_PRODUCTS_DIR)/NoLog.app/NoLog";
				FRAMEWORK_SEARCH_PATHS = (
					"$(SDKROOT)/Developer/Library/Frameworks",
					"$(inherited)",
					"$(DEVELOPER_FRAMEWORKS_DIR)",
				);
				GCC_PRECOMPILE_PREFIX_HEADER = YES;
				GCC_PREFIX_HEADER = "NoLog/NoLog-Prefix.pch";
				INFOPLIST_FILE = "NoLogTests/NoLogTests-Info.plist";
				PRODUCT_NAME = "$(TARGET_NAME)";
				TEST_HOST = "$(BUNDLE_LOADER)";
				WRAPPER_EXTENSION = xctest;
			};
			name = Release;
		};
/* End XCBuildConfiguration section */

/* Begin XCConfigurationList section */
		F89BE0AF1890D61200CE5C84 /* Build configuration list for PBXProject "NoLog" */ = {
			isa = XCConfigurationList;
			buildConfigurations = (
				F89BE0DE1890D61200CE5C84 /* Debug */,
				F89BE0DF1890D61200CE5C84 /* Release */,
			);
			defaultConfigurationIsVisible = 0;
			defaultConfigurationName = Release;
		};
		F89BE0E01890D61200CE5C84 /* Build configuration list for PBXNativeTarget "NoLog" */ = {
			isa = XCConfigurationList;
			buildConfigurations = (
				F89BE0E11890D61200CE5C84 /* Debug */,
				F89BE0E21890D61200CE5C84 /* Release */,
			);
			defaultConfigurationIsVisible = 0;
			defaultConfigurationName = Release;
		};
		F89BE0E31890D61200CE5C84 /* Build configuration list for PBXNativeTarget "NoLogTests" */ = {
			isa = XCConfigurationList;
			buildConfigurations = (
				F89BE0E41890D61200CE5C84 /* Debug */,
				F89BE0E51890D61200CE5C84 /* Release */,
			);
			defaultConfigurationIsVisible = 0;
			defaultConfigurationName = Release;
		};
/* End XCConfigurationList section */
	};
	rootObject = F89BE0AC1890D61200CE5C84 /* Project object */;
}
